Microsoft Visual Studio Solution File, Format Version 12.00
# Visual Studio Version 17
VisualStudioVersion = 17.8.34511.84
MinimumVisualStudioVersion = 10.0.40219.1
Project("{9A19103F-16F7-4668-BE54-9A1E7A4F7556}") = "Kitaplar.Server", "Server\Kitaplar.Server.csproj", "{27BE0A83-324C-4D7D-9624-20C6FB9C3AD8}"
EndProject
Project("{9A19103F-16F7-4668-BE54-9A1E7A4F7556}") = "Kitaplar.Client", "Client\Kitaplar.Client.csproj", "{5E9EA53D-4013-464B-B630-13264FFAD3D3}"
EndProject
Project("{9A19103F-16F7-4668-BE54-9A1E7A4F7556}") = "Kitaplar.Shared", "Shared\Kitaplar.Shared.csproj", "{DC20D237-F896-4888-800D-81F61B4487C2}"
EndProject
Global
	GlobalSection(SolutionConfigurationPlatforms) = preSolution
		Debug|Any CPU = Debug|Any CPU
		Release|Any CPU = Release|Any CPU
	EndGlobalSection
	GlobalSection(ProjectConfigurationPlatforms) = postSolution
		{27BE0A83-324C-4D7D-9624-20C6FB9C3AD8}.Debug|Any CPU.ActiveCfg = Debug|Any CPU
		{27BE0A83-324C-4D7D-9624-20C6FB9C3AD8}.Debug|Any CPU.Build.0 = Debug|Any CPU
		{27BE0A83-324C-4D7D-9624-20C6FB9C3AD8}.Release|Any CPU.ActiveCfg = Release|Any CPU
		{27BE0A83-324C-4D7D-9624-20C6FB9C3AD8}.Release|Any CPU.Build.0 = Release|Any CPU
		{5E9EA53D-4013-464B-B630-13264FFAD3D3}.Debug|Any CPU.ActiveCfg = Debug|Any CPU
		{5E9EA53D-4013-464B-B630-13264FFAD3D3}.Debug|Any CPU.Build.0 = Debug|Any CPU
		{5E9EA53D-4013-464B-B630-13264FFAD3D3}.Release|Any CPU.ActiveCfg = Release|Any CPU
		{5E9EA53D-4013-464B-B630-13264FFAD3D3}.Release|Any CPU.Build.0 = Release|Any CPU
		{DC20D237-F896-4888-800D-81F61B4487C2}.Debug|Any CPU.ActiveCfg = Debug|Any CPU
		{DC20D237-F896-4888-800D-81F61B4487C2}.Debug|Any CPU.Build.0 = Debug|Any CPU
		{DC20D237-F896-4888-800D-81F61B4487C2}.Release|Any CPU.ActiveCfg = Release|Any CPU
		{DC20D237-F896-4888-800D-81F61B4487C2}.Release|Any CPU.Build.0 = Release|Any CPU
	EndGlobalSection
	GlobalSection(SolutionProperties) = preSolution
		HideSolutionNode = FALSE
	EndGlobalSection
	GlobalSection(ExtensibilityGlobals) = postSolution
		SolutionGuid = {BDCF758E-C886-4CA5-A918-96A0FC2EFAEC}
	EndGlobalSection
EndGlobal
